# This file is automatically @generated by Cargo.
# It is not intended for manual editing.
version = 3

[[package]]
name = "storage_endian"
version = "0.1.0"
source = "git+https://github.com/jbit/storage_endian#866f041a53b6b04c41fe39e7f0960429365f8440"

[[package]]
name = "ubus"
version = "0.1.0"
dependencies = [
 "storage_endian",
]
